
Microsoft Visual Studio Solution File, Format Version 12.00
# Visual Studio Version 16
VisualStudioVersion = 16.0.30011.22
MinimumVisualStudioVersion = 10.0.40219.1
Project("{9A19103F-16F7-4668-BE54-9A1E7A4F7556}") = "ePortal.WebApp", "WebApplication1\ePortal.WebApp.csproj", "{BD6D28A8-DB95-447E-AC45-FCE71D930E41}"
EndProject
Global
	GlobalSection(SolutionConfigurationPlatforms) = preSolution
		Debug|Any CPU = Debug|Any CPU
		Release|Any CPU = Release|Any CPU
	EndGlobalSection
	GlobalSection(ProjectConfigurationPlatforms) = postSolution
		{BD6D28A8-DB95-447E-AC45-FCE71D930E41}.Debug|Any CPU.ActiveCfg = Debug|Any CPU
		{BD6D28A8-DB95-447E-AC45-FCE71D930E41}.Debug|Any CPU.Build.0 = Debug|Any CPU
		{BD6D28A8-DB95-447E-AC45-FCE71D930E41}.Release|Any CPU.ActiveCfg = Release|Any CPU
		{BD6D28A8-DB95-447E-AC45-FCE71D930E41}.Release|Any CPU.Build.0 = Release|Any CPU
	EndGlobalSection
	GlobalSection(SolutionProperties) = preSolution
		HideSolutionNode = FALSE
	EndGlobalSection
	GlobalSection(ExtensibilityGlobals) = postSolution
		SolutionGuid = {D04FEB3B-117E-42C1-90D9-EAD1A1A8F9DE}
	EndGlobalSection
EndGlobal
